
Microsoft Visual Studio Solution File, Format Version 12.00
# Visual Studio 2013
VisualStudioVersion = 12.0.30723.0
MinimumVisualStudioVersion = 10.0.40219.1
Project("{FAE04EC0-301F-11D3-BF4B-00C04F79EFBC}") = "BrightLine.Common", "BrightLine.Common\BrightLine.Common.csproj", "{7D72890E-6DB9-41F2-96CB-9AD07D762D65}"
EndProject
Project("{FAE04EC0-301F-11D3-BF4B-00C04F79EFBC}") = "BrightLine.Web", "BrightLine.Web\BrightLine.Web.csproj", "{3FFC5044-4A30-46AE-AB05-82623D0864B3}"
	ProjectSection(ProjectDependencies) = postProject
		{527B8636-09DC-4C7E-81D7-5300C5728422} = {527B8636-09DC-4C7E-81D7-5300C5728422}
		{341E093A-9CB4-48C7-B74F-0C9F9652527C} = {341E093A-9CB4-48C7-B74F-0C9F9652527C}
		{B809DDBA-201F-47EF-A277-7B21FC5A6E4E} = {B809DDBA-201F-47EF-A277-7B21FC5A6E4E}
		{ED4547EB-A766-4A66-8A37-4D979452A17D} = {ED4547EB-A766-4A66-8A37-4D979452A17D}
	EndProjectSection
EndProject
Project("{FAE04EC0-301F-11D3-BF4B-00C04F79EFBC}") = "BrightLine.Data", "BrightLine.Data\BrightLine.Data.csproj", "{341E093A-9CB4-48C7-B74F-0C9F9652527C}"
EndProject
Project("{FAE04EC0-301F-11D3-BF4B-00C04F79EFBC}") = "BrightLine.Service", "BrightLine.Service\BrightLine.Service.csproj", "{527B8636-09DC-4C7E-81D7-5300C5728422}"
EndProject
Project("{2150E333-8FDC-42A3-9474-1A3956D46DE8}") = ".nuget", ".nuget", "{7593AD40-918B-48EB-8574-315FE1B759FE}"
	ProjectSection(SolutionItems) = preProject
		.nuget\NuGet.Config = .nuget\NuGet.Config
		.nuget\NuGet.exe = .nuget\NuGet.exe
		.nuget\NuGet.targets = .nuget\NuGet.targets
	EndProjectSection
EndProject
Project("{2150E333-8FDC-42A3-9474-1A3956D46DE8}") = "Test", "Test", "{6AEAF40C-7539-4549-8DB8-49FC3294E2C9}"
EndProject
Project("{FAE04EC0-301F-11D3-BF4B-00C04F79EFBC}") = "BrightLine.Tests", "tests\BrightLine.Tests\BrightLine.Tests.csproj", "{B95BEF43-2574-4631-88D8-D4C3E25AB587}"
	ProjectSection(ProjectDependencies) = postProject
		{341E093A-9CB4-48C7-B74F-0C9F9652527C} = {341E093A-9CB4-48C7-B74F-0C9F9652527C}
		{3FFC5044-4A30-46AE-AB05-82623D0864B3} = {3FFC5044-4A30-46AE-AB05-82623D0864B3}
		{B809DDBA-201F-47EF-A277-7B21FC5A6E4E} = {B809DDBA-201F-47EF-A277-7B21FC5A6E4E}
	EndProjectSection
EndProject
Project("{2150E333-8FDC-42A3-9474-1A3956D46DE8}") = "Solution Items", "Solution Items", "{52644DCC-5BCA-40F9-93E5-9A1C8DA1BE91}"
EndProject
Project("{FAE04EC0-301F-11D3-BF4B-00C04F79EFBC}") = "BrightLine.CMS", "BrightLine.CMS\BrightLine.CMS.csproj", "{ED4547EB-A766-4A66-8A37-4D979452A17D}"
	ProjectSection(ProjectDependencies) = postProject
		{341E093A-9CB4-48C7-B74F-0C9F9652527C} = {341E093A-9CB4-48C7-B74F-0C9F9652527C}
		{B809DDBA-201F-47EF-A277-7B21FC5A6E4E} = {B809DDBA-201F-47EF-A277-7B21FC5A6E4E}
	EndProjectSection
EndProject
Project("{2150E333-8FDC-42A3-9474-1A3956D46DE8}") = "MSBuild", "MSBuild", "{0834D9A8-8EA2-40C2-AE8E-2C80132FF50A}"
	ProjectSection(SolutionItems) = preProject
		MSBuild\Interop.COMAdmin.DLL = MSBuild\Interop.COMAdmin.DLL
		MSBuild\Interop.IWshRuntimeLibrary.DLL = MSBuild\Interop.IWshRuntimeLibrary.DLL
		MSBuild\Ionic.Zip.DLL = MSBuild\Ionic.Zip.DLL
		MSBuild\IronPython.DLL = MSBuild\IronPython.DLL
		MSBuild\IronPython.Modules.dll = MSBuild\IronPython.Modules.dll
		MSBuild\IronRuby.DLL = MSBuild\IronRuby.DLL
		MSBuild\IronRuby.Libraries.dll = MSBuild\IronRuby.Libraries.dll
		MSBuild\MSBuild.Community.Tasks.dll = MSBuild\MSBuild.Community.Tasks.dll
		MSBuild\MSBuild.Community.Tasks.targets = MSBuild\MSBuild.Community.Tasks.targets
		MSBuild\MSBuild.ExtensionPack.BizTalk.dll = MSBuild\MSBuild.ExtensionPack.BizTalk.dll
		MSBuild\MSBuild.ExtensionPack.dll = MSBuild\MSBuild.ExtensionPack.dll
		MSBuild\MSBuild.ExtensionPack.dll.config = MSBuild\MSBuild.ExtensionPack.dll.config
		MSBuild\MSBuild.ExtensionPack.Git.dll = MSBuild\MSBuild.ExtensionPack.Git.dll
		MSBuild\MSBuild.ExtensionPack.Iis7.dll = MSBuild\MSBuild.ExtensionPack.Iis7.dll
		MSBuild\MSBuild.ExtensionPack.Loggers.dll = MSBuild\MSBuild.ExtensionPack.Loggers.dll
		MSBuild\MSBuild.ExtensionPack.Sql2005.dll = MSBuild\MSBuild.ExtensionPack.Sql2005.dll
		MSBuild\MSBuild.ExtensionPack.Sql2008.dll = MSBuild\MSBuild.ExtensionPack.Sql2008.dll
		MSBuild\MSBuild.ExtensionPack.Sql2012.dll = MSBuild\MSBuild.ExtensionPack.Sql2012.dll
		MSBuild\MSBuild.ExtensionPack.Sql2014.dll = MSBuild\MSBuild.ExtensionPack.Sql2014.dll
		MSBuild\MSBuild.ExtensionPack.StyleCop.dll = MSBuild\MSBuild.ExtensionPack.StyleCop.dll
		MSBuild\MSBuild.ExtensionPack.Sync.dll = MSBuild\MSBuild.ExtensionPack.Sync.dll
		MSBuild\MSBuild.ExtensionPack.TaskFactory.Dlr.dll = MSBuild\MSBuild.ExtensionPack.TaskFactory.Dlr.dll
		MSBuild\MSBuild.ExtensionPack.TaskFactory.PowerShell.dll = MSBuild\MSBuild.ExtensionPack.TaskFactory.PowerShell.dll
		MSBuild\MSBuild.ExtensionPack.tasks = MSBuild\MSBuild.ExtensionPack.tasks
		MSBuild\MSBuild.ExtensionPack.Tfs.dll = MSBuild\MSBuild.ExtensionPack.Tfs.dll
		MSBuild\MSBuild.ExtensionPack.Tfs2010.dll = MSBuild\MSBuild.ExtensionPack.Tfs2010.dll
		MSBuild\MSBuild.ExtensionPack.Tfs2012.dll = MSBuild\MSBuild.ExtensionPack.Tfs2012.dll
		MSBuild\MSBuild.ExtensionPack.Tfs2013.dll = MSBuild\MSBuild.ExtensionPack.Tfs2013.dll
		MSBuild\MSBuild.ExtensionPack.VersionNumber.targets = MSBuild\MSBuild.ExtensionPack.VersionNumber.targets
		MSBuild\MSBuild.ExtensionPack.WindowsVirtualPC.dll = MSBuild\MSBuild.ExtensionPack.WindowsVirtualPC.dll
	EndProjectSection
EndProject
Project("{FAE04EC0-301F-11D3-BF4B-00C04F79EFBC}") = "BrightLine.Utility", "BrightLine.Utility\BrightLine.Utility.csproj", "{5F3580D0-EFAE-49F5-B800-A26C48B480A0}"
EndProject
Project("{00D1A9C2-B5F0-4AF3-8072-F6C62B433612}") = "BrightLine.Data.OLTP", "BrightLine.Data.OLTP\BrightLine.Data.OLTP.sqlproj", "{B809DDBA-201F-47EF-A277-7B21FC5A6E4E}"
EndProject
Project("{FAE04EC0-301F-11D3-BF4B-00C04F79EFBC}") = "Brightline.Publishing", "Brightline.Publishing\Brightline.Publishing.csproj", "{C3A9FC4F-BF5F-490B-8265-DA1EFCD58A81}"
EndProject
Global
	GlobalSection(SolutionConfigurationPlatforms) = preSolution
		CI|Any CPU = CI|Any CPU
		Debug|Any CPU = Debug|Any CPU
		Dev|Any CPU = Dev|Any CPU
		PRO|Any CPU = PRO|Any CPU
		Release|Any CPU = Release|Any CPU
		test|Any CPU = test|Any CPU
		UAT|Any CPU = UAT|Any CPU
	EndGlobalSection
	GlobalSection(ProjectConfigurationPlatforms) = postSolution
		{7D72890E-6DB9-41F2-96CB-9AD07D762D65}.CI|Any CPU.ActiveCfg = CI|Any CPU
		{7D72890E-6DB9-41F2-96CB-9AD07D762D65}.CI|Any CPU.Build.0 = CI|Any CPU
		{7D72890E-6DB9-41F2-96CB-9AD07D762D65}.Debug|Any CPU.ActiveCfg = Debug|Any CPU
		{7D72890E-6DB9-41F2-96CB-9AD07D762D65}.Debug|Any CPU.Build.0 = Debug|Any CPU
		{7D72890E-6DB9-41F2-96CB-9AD07D762D65}.Dev|Any CPU.ActiveCfg = Dev|Any CPU
		{7D72890E-6DB9-41F2-96CB-9AD07D762D65}.Dev|Any CPU.Build.0 = Dev|Any CPU
		{7D72890E-6DB9-41F2-96CB-9AD07D762D65}.PRO|Any CPU.ActiveCfg = PRO|Any CPU
		{7D72890E-6DB9-41F2-96CB-9AD07D762D65}.PRO|Any CPU.Build.0 = PRO|Any CPU
		{7D72890E-6DB9-41F2-96CB-9AD07D762D65}.Release|Any CPU.ActiveCfg = UAT|Any CPU
		{7D72890E-6DB9-41F2-96CB-9AD07D762D65}.Release|Any CPU.Build.0 = UAT|Any CPU
		{7D72890E-6DB9-41F2-96CB-9AD07D762D65}.test|Any CPU.ActiveCfg = test|Any CPU
		{7D72890E-6DB9-41F2-96CB-9AD07D762D65}.test|Any CPU.Build.0 = test|Any CPU
		{7D72890E-6DB9-41F2-96CB-9AD07D762D65}.UAT|Any CPU.ActiveCfg = UAT|Any CPU
		{7D72890E-6DB9-41F2-96CB-9AD07D762D65}.UAT|Any CPU.Build.0 = UAT|Any CPU
		{3FFC5044-4A30-46AE-AB05-82623D0864B3}.CI|Any CPU.ActiveCfg = CI|Any CPU
		{3FFC5044-4A30-46AE-AB05-82623D0864B3}.CI|Any CPU.Build.0 = CI|Any CPU
		{3FFC5044-4A30-46AE-AB05-82623D0864B3}.Debug|Any CPU.ActiveCfg = Debug|Any CPU
		{3FFC5044-4A30-46AE-AB05-82623D0864B3}.Debug|Any CPU.Build.0 = Debug|Any CPU
		{3FFC5044-4A30-46AE-AB05-82623D0864B3}.Dev|Any CPU.ActiveCfg = Dev|Any CPU
		{3FFC5044-4A30-46AE-AB05-82623D0864B3}.Dev|Any CPU.Build.0 = Dev|Any CPU
		{3FFC5044-4A30-46AE-AB05-82623D0864B3}.PRO|Any CPU.ActiveCfg = PRO|Any CPU
		{3FFC5044-4A30-46AE-AB05-82623D0864B3}.PRO|Any CPU.Build.0 = PRO|Any CPU
		{3FFC5044-4A30-46AE-AB05-82623D0864B3}.Release|Any CPU.ActiveCfg = Release|Any CPU
		{3FFC5044-4A30-46AE-AB05-82623D0864B3}.Release|Any CPU.Build.0 = Release|Any CPU
		{3FFC5044-4A30-46AE-AB05-82623D0864B3}.test|Any CPU.ActiveCfg = test|Any CPU
		{3FFC5044-4A30-46AE-AB05-82623D0864B3}.test|Any CPU.Build.0 = test|Any CPU
		{3FFC5044-4A30-46AE-AB05-82623D0864B3}.UAT|Any CPU.ActiveCfg = UAT|Any CPU
		{3FFC5044-4A30-46AE-AB05-82623D0864B3}.UAT|Any CPU.Build.0 = UAT|Any CPU
		{341E093A-9CB4-48C7-B74F-0C9F9652527C}.CI|Any CPU.ActiveCfg = CI|Any CPU
		{341E093A-9CB4-48C7-B74F-0C9F9652527C}.CI|Any CPU.Build.0 = CI|Any CPU
		{341E093A-9CB4-48C7-B74F-0C9F9652527C}.Debug|Any CPU.ActiveCfg = Debug|Any CPU
		{341E093A-9CB4-48C7-B74F-0C9F9652527C}.Debug|Any CPU.Build.0 = Debug|Any CPU
		{341E093A-9CB4-48C7-B74F-0C9F9652527C}.Dev|Any CPU.ActiveCfg = Dev|Any CPU
		{341E093A-9CB4-48C7-B74F-0C9F9652527C}.Dev|Any CPU.Build.0 = Dev|Any CPU
		{341E093A-9CB4-48C7-B74F-0C9F9652527C}.PRO|Any CPU.ActiveCfg = PRO|Any CPU
		{341E093A-9CB4-48C7-B74F-0C9F9652527C}.PRO|Any CPU.Build.0 = PRO|Any CPU
		{341E093A-9CB4-48C7-B74F-0C9F9652527C}.Release|Any CPU.ActiveCfg = UAT|Any CPU
		{341E093A-9CB4-48C7-B74F-0C9F9652527C}.Release|Any CPU.Build.0 = UAT|Any CPU
		{341E093A-9CB4-48C7-B74F-0C9F9652527C}.test|Any CPU.ActiveCfg = test|Any CPU
		{341E093A-9CB4-48C7-B74F-0C9F9652527C}.test|Any CPU.Build.0 = test|Any CPU
		{341E093A-9CB4-48C7-B74F-0C9F9652527C}.UAT|Any CPU.ActiveCfg = UAT|Any CPU
		{341E093A-9CB4-48C7-B74F-0C9F9652527C}.UAT|Any CPU.Build.0 = UAT|Any CPU
		{527B8636-09DC-4C7E-81D7-5300C5728422}.CI|Any CPU.ActiveCfg = CI|Any CPU
		{527B8636-09DC-4C7E-81D7-5300C5728422}.CI|Any CPU.Build.0 = CI|Any CPU
		{527B8636-09DC-4C7E-81D7-5300C5728422}.Debug|Any CPU.ActiveCfg = Debug|Any CPU
		{527B8636-09DC-4C7E-81D7-5300C5728422}.Debug|Any CPU.Build.0 = Debug|Any CPU
		{527B8636-09DC-4C7E-81D7-5300C5728422}.Dev|Any CPU.ActiveCfg = Dev|Any CPU
		{527B8636-09DC-4C7E-81D7-5300C5728422}.Dev|Any CPU.Build.0 = Dev|Any CPU
		{527B8636-09DC-4C7E-81D7-5300C5728422}.PRO|Any CPU.ActiveCfg = PRO|Any CPU
		{527B8636-09DC-4C7E-81D7-5300C5728422}.PRO|Any CPU.Build.0 = PRO|Any CPU
		{527B8636-09DC-4C7E-81D7-5300C5728422}.Release|Any CPU.ActiveCfg = UAT|Any CPU
		{527B8636-09DC-4C7E-81D7-5300C5728422}.Release|Any CPU.Build.0 = UAT|Any CPU
		{527B8636-09DC-4C7E-81D7-5300C5728422}.test|Any CPU.ActiveCfg = test|Any CPU
		{527B8636-09DC-4C7E-81D7-5300C5728422}.test|Any CPU.Build.0 = test|Any CPU
		{527B8636-09DC-4C7E-81D7-5300C5728422}.UAT|Any CPU.ActiveCfg = UAT|Any CPU
		{527B8636-09DC-4C7E-81D7-5300C5728422}.UAT|Any CPU.Build.0 = UAT|Any CPU
		{B95BEF43-2574-4631-88D8-D4C3E25AB587}.CI|Any CPU.ActiveCfg = CI|Any CPU
		{B95BEF43-2574-4631-88D8-D4C3E25AB587}.CI|Any CPU.Build.0 = CI|Any CPU
		{B95BEF43-2574-4631-88D8-D4C3E25AB587}.Debug|Any CPU.ActiveCfg = Debug|Any CPU
		{B95BEF43-2574-4631-88D8-D4C3E25AB587}.Debug|Any CPU.Build.0 = Debug|Any CPU
		{B95BEF43-2574-4631-88D8-D4C3E25AB587}.Dev|Any CPU.ActiveCfg = Dev|Any CPU
		{B95BEF43-2574-4631-88D8-D4C3E25AB587}.Dev|Any CPU.Build.0 = Dev|Any CPU
		{B95BEF43-2574-4631-88D8-D4C3E25AB587}.PRO|Any CPU.ActiveCfg = PRO|Any CPU
		{B95BEF43-2574-4631-88D8-D4C3E25AB587}.PRO|Any CPU.Build.0 = PRO|Any CPU
		{B95BEF43-2574-4631-88D8-D4C3E25AB587}.Release|Any CPU.ActiveCfg = UAT|Any CPU
		{B95BEF43-2574-4631-88D8-D4C3E25AB587}.Release|Any CPU.Build.0 = UAT|Any CPU
		{B95BEF43-2574-4631-88D8-D4C3E25AB587}.test|Any CPU.ActiveCfg = test|Any CPU
		{B95BEF43-2574-4631-88D8-D4C3E25AB587}.test|Any CPU.Build.0 = test|Any CPU
		{B95BEF43-2574-4631-88D8-D4C3E25AB587}.UAT|Any CPU.ActiveCfg = UAT|Any CPU
		{B95BEF43-2574-4631-88D8-D4C3E25AB587}.UAT|Any CPU.Build.0 = UAT|Any CPU
		{ED4547EB-A766-4A66-8A37-4D979452A17D}.CI|Any CPU.ActiveCfg = CI|Any CPU
		{ED4547EB-A766-4A66-8A37-4D979452A17D}.CI|Any CPU.Build.0 = CI|Any CPU
		{ED4547EB-A766-4A66-8A37-4D979452A17D}.Debug|Any CPU.ActiveCfg = Debug|Any CPU
		{ED4547EB-A766-4A66-8A37-4D979452A17D}.Debug|Any CPU.Build.0 = Debug|Any CPU
		{ED4547EB-A766-4A66-8A37-4D979452A17D}.Dev|Any CPU.ActiveCfg = Dev|Any CPU
		{ED4547EB-A766-4A66-8A37-4D979452A17D}.Dev|Any CPU.Build.0 = Dev|Any CPU
		{ED4547EB-A766-4A66-8A37-4D979452A17D}.PRO|Any CPU.ActiveCfg = PRO|Any CPU
		{ED4547EB-A766-4A66-8A37-4D979452A17D}.PRO|Any CPU.Build.0 = PRO|Any CPU
		{ED4547EB-A766-4A66-8A37-4D979452A17D}.Release|Any CPU.ActiveCfg = UAT|Any CPU
		{ED4547EB-A766-4A66-8A37-4D979452A17D}.Release|Any CPU.Build.0 = UAT|Any CPU
		{ED4547EB-A766-4A66-8A37-4D979452A17D}.test|Any CPU.ActiveCfg = test|Any CPU
		{ED4547EB-A766-4A66-8A37-4D979452A17D}.test|Any CPU.Build.0 = test|Any CPU
		{ED4547EB-A766-4A66-8A37-4D979452A17D}.UAT|Any CPU.ActiveCfg = UAT|Any CPU
		{ED4547EB-A766-4A66-8A37-4D979452A17D}.UAT|Any CPU.Build.0 = UAT|Any CPU
		{5F3580D0-EFAE-49F5-B800-A26C48B480A0}.CI|Any CPU.ActiveCfg = CI|Any CPU
		{5F3580D0-EFAE-49F5-B800-A26C48B480A0}.CI|Any CPU.Build.0 = CI|Any CPU
		{5F3580D0-EFAE-49F5-B800-A26C48B480A0}.Debug|Any CPU.ActiveCfg = Debug|Any CPU
		{5F3580D0-EFAE-49F5-B800-A26C48B480A0}.Debug|Any CPU.Build.0 = Debug|Any CPU
		{5F3580D0-EFAE-49F5-B800-A26C48B480A0}.Dev|Any CPU.ActiveCfg = Dev|Any CPU
		{5F3580D0-EFAE-49F5-B800-A26C48B480A0}.Dev|Any CPU.Build.0 = Dev|Any CPU
		{5F3580D0-EFAE-49F5-B800-A26C48B480A0}.PRO|Any CPU.ActiveCfg = PRO|Any CPU
		{5F3580D0-EFAE-49F5-B800-A26C48B480A0}.PRO|Any CPU.Build.0 = PRO|Any CPU
		{5F3580D0-EFAE-49F5-B800-A26C48B480A0}.Release|Any CPU.ActiveCfg = UAT|Any CPU
		{5F3580D0-EFAE-49F5-B800-A26C48B480A0}.Release|Any CPU.Build.0 = UAT|Any CPU
		{5F3580D0-EFAE-49F5-B800-A26C48B480A0}.test|Any CPU.ActiveCfg = test|Any CPU
		{5F3580D0-EFAE-49F5-B800-A26C48B480A0}.test|Any CPU.Build.0 = test|Any CPU
		{5F3580D0-EFAE-49F5-B800-A26C48B480A0}.UAT|Any CPU.ActiveCfg = UAT|Any CPU
		{5F3580D0-EFAE-49F5-B800-A26C48B480A0}.UAT|Any CPU.Build.0 = UAT|Any CPU
		{5F3580D0-EFAE-49F5-B800-A26C48B480A0}.UAT|Any CPU.Deploy.0 = UAT|Any CPU
		{B809DDBA-201F-47EF-A277-7B21FC5A6E4E}.CI|Any CPU.ActiveCfg = CI|Any CPU
		{B809DDBA-201F-47EF-A277-7B21FC5A6E4E}.CI|Any CPU.Build.0 = CI|Any CPU
		{B809DDBA-201F-47EF-A277-7B21FC5A6E4E}.Debug|Any CPU.ActiveCfg = Debug|Any CPU
		{B809DDBA-201F-47EF-A277-7B21FC5A6E4E}.Debug|Any CPU.Build.0 = Debug|Any CPU
		{B809DDBA-201F-47EF-A277-7B21FC5A6E4E}.Dev|Any CPU.ActiveCfg = Dev|Any CPU
		{B809DDBA-201F-47EF-A277-7B21FC5A6E4E}.Dev|Any CPU.Build.0 = Dev|Any CPU
		{B809DDBA-201F-47EF-A277-7B21FC5A6E4E}.PRO|Any CPU.ActiveCfg = PRO|Any CPU
		{B809DDBA-201F-47EF-A277-7B21FC5A6E4E}.PRO|Any CPU.Build.0 = PRO|Any CPU
		{B809DDBA-201F-47EF-A277-7B21FC5A6E4E}.Release|Any CPU.ActiveCfg = UAT|Any CPU
		{B809DDBA-201F-47EF-A277-7B21FC5A6E4E}.Release|Any CPU.Build.0 = UAT|Any CPU
		{B809DDBA-201F-47EF-A277-7B21FC5A6E4E}.Release|Any CPU.Deploy.0 = UAT|Any CPU
		{B809DDBA-201F-47EF-A277-7B21FC5A6E4E}.test|Any CPU.ActiveCfg = test|Any CPU
		{B809DDBA-201F-47EF-A277-7B21FC5A6E4E}.test|Any CPU.Build.0 = test|Any CPU
		{B809DDBA-201F-47EF-A277-7B21FC5A6E4E}.test|Any CPU.Deploy.0 = test|Any CPU
		{B809DDBA-201F-47EF-A277-7B21FC5A6E4E}.UAT|Any CPU.ActiveCfg = UAT|Any CPU
		{B809DDBA-201F-47EF-A277-7B21FC5A6E4E}.UAT|Any CPU.Build.0 = UAT|Any CPU
		{C3A9FC4F-BF5F-490B-8265-DA1EFCD58A81}.CI|Any CPU.ActiveCfg = CI|Any CPU
		{C3A9FC4F-BF5F-490B-8265-DA1EFCD58A81}.CI|Any CPU.Build.0 = CI|Any CPU
		{C3A9FC4F-BF5F-490B-8265-DA1EFCD58A81}.Debug|Any CPU.ActiveCfg = Debug|Any CPU
		{C3A9FC4F-BF5F-490B-8265-DA1EFCD58A81}.Debug|Any CPU.Build.0 = Debug|Any CPU
		{C3A9FC4F-BF5F-490B-8265-DA1EFCD58A81}.Dev|Any CPU.ActiveCfg = Debug|Any CPU
		{C3A9FC4F-BF5F-490B-8265-DA1EFCD58A81}.Dev|Any CPU.Build.0 = Debug|Any CPU
		{C3A9FC4F-BF5F-490B-8265-DA1EFCD58A81}.PRO|Any CPU.ActiveCfg = PRO|Any CPU
		{C3A9FC4F-BF5F-490B-8265-DA1EFCD58A81}.PRO|Any CPU.Build.0 = PRO|Any CPU
		{C3A9FC4F-BF5F-490B-8265-DA1EFCD58A81}.Release|Any CPU.ActiveCfg = Dev|Any CPU
		{C3A9FC4F-BF5F-490B-8265-DA1EFCD58A81}.Release|Any CPU.Build.0 = Dev|Any CPU
		{C3A9FC4F-BF5F-490B-8265-DA1EFCD58A81}.test|Any CPU.ActiveCfg = test|Any CPU
		{C3A9FC4F-BF5F-490B-8265-DA1EFCD58A81}.test|Any CPU.Build.0 = test|Any CPU
		{C3A9FC4F-BF5F-490B-8265-DA1EFCD58A81}.UAT|Any CPU.ActiveCfg = UAT|Any CPU
		{C3A9FC4F-BF5F-490B-8265-DA1EFCD58A81}.UAT|Any CPU.Build.0 = UAT|Any CPU
	EndGlobalSection
	GlobalSection(SolutionProperties) = preSolution
		HideSolutionNode = FALSE
	EndGlobalSection
	GlobalSection(NestedProjects) = preSolution
		{B95BEF43-2574-4631-88D8-D4C3E25AB587} = {6AEAF40C-7539-4549-8DB8-49FC3294E2C9}
		{0834D9A8-8EA2-40C2-AE8E-2C80132FF50A} = {52644DCC-5BCA-40F9-93E5-9A1C8DA1BE91}
	EndGlobalSection
	GlobalSection(ExtensibilityGlobals) = postSolution
		EnterpriseLibraryConfigurationToolBinariesPathV6 = packages\EnterpriseLibrary.Common.6.0.1304.0\lib\NET45;packages\EnterpriseLibrary.Data.6.0.1304.0\lib\NET45
	EndGlobalSection
EndGlobal
